
Microsoft Visual Studio Solution File, Format Version 11.00
# Visual Studio 2010
Project("{FAE04EC0-301F-11D3-BF4B-00C04F79EFBC}") = "Assembly-CSharp", "Assembly-CSharp.csproj", "{41816D2A-68DE-9BCE-1531-3430ACB2E751}"
EndProject
Project("{FAE04EC0-301F-11D3-BF4B-00C04F79EFBC}") = "Unity.2D.Sprite.Editor", "Unity.2D.Sprite.Editor.csproj", "{A6BF0ADF-6D66-9002-13D0-93F9A6FA83B0}"
EndProject
Global
	GlobalSection(SolutionConfigurationPlatforms) = preSolution
		Debug|Any CPU = Debug|Any CPU
		Release|Any CPU = Release|Any CPU
	EndGlobalSection
	GlobalSection(ProjectConfigurationPlatforms) = postSolution
		{41816D2A-68DE-9BCE-1531-3430ACB2E751}.Debug|Any CPU.ActiveCfg = Debug|Any CPU
		{41816D2A-68DE-9BCE-1531-3430ACB2E751}.Debug|Any CPU.Build.0 = Debug|Any CPU
		{41816D2A-68DE-9BCE-1531-3430ACB2E751}.Release|Any CPU.ActiveCfg = Release|Any CPU
		{41816D2A-68DE-9BCE-1531-3430ACB2E751}.Release|Any CPU.Build.0 = Release|Any CPU
		{A6BF0ADF-6D66-9002-13D0-93F9A6FA83B0}.Debug|Any CPU.ActiveCfg = Debug|Any CPU
		{A6BF0ADF-6D66-9002-13D0-93F9A6FA83B0}.Debug|Any CPU.Build.0 = Debug|Any CPU
		{A6BF0ADF-6D66-9002-13D0-93F9A6FA83B0}.Release|Any CPU.ActiveCfg = Release|Any CPU
		{A6BF0ADF-6D66-9002-13D0-93F9A6FA83B0}.Release|Any CPU.Build.0 = Release|Any CPU
	EndGlobalSection
	GlobalSection(SolutionProperties) = preSolution
		HideSolutionNode = FALSE
	EndGlobalSection
EndGlobal
